
Microsoft Visual Studio Solution File, Format Version 11.00
# Visual Studio 2010
Project("{FAE04EC0-301F-11D3-BF4B-00C04F79EFBC}") = "poc", "poc\poc.csproj", "{B692AD68-E658-4D23-BD11-222C0FE2C92A}"
EndProject
Global
	GlobalSection(SolutionConfigurationPlatforms) = preSolution
		Debug|x86 = Debug|x86
		Release|x86 = Release|x86
	EndGlobalSection
	GlobalSection(ProjectConfigurationPlatforms) = postSolution
		{B692AD68-E658-4D23-BD11-222C0FE2C92A}.Debug|x86.ActiveCfg = Debug|x86
		{B692AD68-E658-4D23-BD11-222C0FE2C92A}.Debug|x86.Build.0 = Debug|x86
		{B692AD68-E658-4D23-BD11-222C0FE2C92A}.Release|x86.ActiveCfg = Release|x86
		{B692AD68-E658-4D23-BD11-222C0FE2C92A}.Release|x86.Build.0 = Release|x86
	EndGlobalSection
	GlobalSection(SolutionProperties) = preSolution
		HideSolutionNode = FALSE
	EndGlobalSection
EndGlobal
